
Microsoft Visual Studio Solution File, Format Version 12.00
# Visual Studio Version 16
VisualStudioVersion = 16.0.33529.622
MinimumVisualStudioVersion = 10.0.40219.1
Project("{2150E333-8FDC-42A3-9474-1A3956D46DE8}") = "Aula1", "Aula1", "{A53E3030-F424-4458-B06C-1E68DDD19943}"
EndProject
Project("{9A19103F-16F7-4668-BE54-9A1E7A4F7556}") = "A1.1-SortedList", "A1.1-SortedList\A1.1-SortedList.csproj", "{BA408FDA-1062-4635-8097-7BA985D87EE9}"
EndProject
Project("{9A19103F-16F7-4668-BE54-9A1E7A4F7556}") = "A1.2-SortedDictionary", "A1.2-SortedDictionary\A1.2-SortedDictionary.csproj", "{87FC69CE-ACCF-47AB-A0BF-0E30563FA990}"
EndProject
Project("{9A19103F-16F7-4668-BE54-9A1E7A4F7556}") = "A1.3-SortedSet", "A1.3-SortedSet\A1.3-SortedSet.csproj", "{A02D2F0D-7F0E-4170-AED2-C27AD606A0E7}"
EndProject
Project("{2150E333-8FDC-42A3-9474-1A3956D46DE8}") = "Aula2", "Aula2", "{D333F737-206F-458D-A63F-B428D2E5C14B}"
EndProject
Project("{9A19103F-16F7-4668-BE54-9A1E7A4F7556}") = "A2.1-ArraysMultidimensionais", "A2.1-ArraysMultidimensionais\A2.1-ArraysMultidimensionais.csproj", "{EE6CF2C5-6340-4BA1-822D-6ECD5C5A97CD}"
EndProject
Project("{2150E333-8FDC-42A3-9474-1A3956D46DE8}") = "Aula3", "Aula3", "{1EABD3B8-8933-44C2-9401-279D8E0EE263}"
EndProject
Project("{9A19103F-16F7-4668-BE54-9A1E7A4F7556}") = "A2.2-JaggedArrays", "A2.2-JaggedArrays\A2.2-JaggedArrays.csproj", "{C7410CF9-650F-4F5D-9B8F-3E4D0B276058}"
EndProject
Project("{FAE04EC0-301F-11D3-BF4B-00C04F79EFBC}") = "A3.1-ConsultandoColletions", "A3.1-ConsultandoColletions\A3.1-ConsultandoColletions.csproj", "{01A33338-5382-4412-B19B-DEA1B0A6F03C}"
EndProject
Global
	GlobalSection(SolutionConfigurationPlatforms) = preSolution
		Debug|Any CPU = Debug|Any CPU
		Release|Any CPU = Release|Any CPU
	EndGlobalSection
	GlobalSection(ProjectConfigurationPlatforms) = postSolution
		{BA408FDA-1062-4635-8097-7BA985D87EE9}.Debug|Any CPU.ActiveCfg = Debug|Any CPU
		{BA408FDA-1062-4635-8097-7BA985D87EE9}.Debug|Any CPU.Build.0 = Debug|Any CPU
		{BA408FDA-1062-4635-8097-7BA985D87EE9}.Release|Any CPU.ActiveCfg = Release|Any CPU
		{BA408FDA-1062-4635-8097-7BA985D87EE9}.Release|Any CPU.Build.0 = Release|Any CPU
		{87FC69CE-ACCF-47AB-A0BF-0E30563FA990}.Debug|Any CPU.ActiveCfg = Debug|Any CPU
		{87FC69CE-ACCF-47AB-A0BF-0E30563FA990}.Debug|Any CPU.Build.0 = Debug|Any CPU
		{87FC69CE-ACCF-47AB-A0BF-0E30563FA990}.Release|Any CPU.ActiveCfg = Release|Any CPU
		{87FC69CE-ACCF-47AB-A0BF-0E30563FA990}.Release|Any CPU.Build.0 = Release|Any CPU
		{A02D2F0D-7F0E-4170-AED2-C27AD606A0E7}.Debug|Any CPU.ActiveCfg = Debug|Any CPU
		{A02D2F0D-7F0E-4170-AED2-C27AD606A0E7}.Debug|Any CPU.Build.0 = Debug|Any CPU
		{A02D2F0D-7F0E-4170-AED2-C27AD606A0E7}.Release|Any CPU.ActiveCfg = Release|Any CPU
		{A02D2F0D-7F0E-4170-AED2-C27AD606A0E7}.Release|Any CPU.Build.0 = Release|Any CPU
		{EE6CF2C5-6340-4BA1-822D-6ECD5C5A97CD}.Debug|Any CPU.ActiveCfg = Debug|Any CPU
		{EE6CF2C5-6340-4BA1-822D-6ECD5C5A97CD}.Debug|Any CPU.Build.0 = Debug|Any CPU
		{EE6CF2C5-6340-4BA1-822D-6ECD5C5A97CD}.Release|Any CPU.ActiveCfg = Release|Any CPU
		{EE6CF2C5-6340-4BA1-822D-6ECD5C5A97CD}.Release|Any CPU.Build.0 = Release|Any CPU
		{C7410CF9-650F-4F5D-9B8F-3E4D0B276058}.Debug|Any CPU.ActiveCfg = Debug|Any CPU
		{C7410CF9-650F-4F5D-9B8F-3E4D0B276058}.Debug|Any CPU.Build.0 = Debug|Any CPU
		{C7410CF9-650F-4F5D-9B8F-3E4D0B276058}.Release|Any CPU.ActiveCfg = Release|Any CPU
		{C7410CF9-650F-4F5D-9B8F-3E4D0B276058}.Release|Any CPU.Build.0 = Release|Any CPU
		{01A33338-5382-4412-B19B-DEA1B0A6F03C}.Debug|Any CPU.ActiveCfg = Debug|Any CPU
		{01A33338-5382-4412-B19B-DEA1B0A6F03C}.Debug|Any CPU.Build.0 = Debug|Any CPU
		{01A33338-5382-4412-B19B-DEA1B0A6F03C}.Release|Any CPU.ActiveCfg = Release|Any CPU
		{01A33338-5382-4412-B19B-DEA1B0A6F03C}.Release|Any CPU.Build.0 = Release|Any CPU
	EndGlobalSection
	GlobalSection(SolutionProperties) = preSolution
		HideSolutionNode = FALSE
	EndGlobalSection
	GlobalSection(NestedProjects) = preSolution
		{BA408FDA-1062-4635-8097-7BA985D87EE9} = {A53E3030-F424-4458-B06C-1E68DDD19943}
		{87FC69CE-ACCF-47AB-A0BF-0E30563FA990} = {A53E3030-F424-4458-B06C-1E68DDD19943}
		{A02D2F0D-7F0E-4170-AED2-C27AD606A0E7} = {A53E3030-F424-4458-B06C-1E68DDD19943}
		{EE6CF2C5-6340-4BA1-822D-6ECD5C5A97CD} = {D333F737-206F-458D-A63F-B428D2E5C14B}
		{C7410CF9-650F-4F5D-9B8F-3E4D0B276058} = {D333F737-206F-458D-A63F-B428D2E5C14B}
		{01A33338-5382-4412-B19B-DEA1B0A6F03C} = {1EABD3B8-8933-44C2-9401-279D8E0EE263}
	EndGlobalSection
	GlobalSection(ExtensibilityGlobals) = postSolution
		SolutionGuid = {227E6F6D-0698-46F5-9B9F-C4858BD81BFC}
	EndGlobalSection
EndGlobal
