
Microsoft Visual Studio Solution File, Format Version 12.00
# Visual Studio Version 16
VisualStudioVersion = 16.0.33328.57
MinimumVisualStudioVersion = 10.0.40219.1
Project("{9A19103F-16F7-4668-BE54-9A1E7A4F7556}") = "1-OlaMundo", "ConsoleApp1\1-OlaMundo.csproj", "{3956E120-312B-4E51-B6FF-F3CEEDACF70D}"
EndProject
Project("{9A19103F-16F7-4668-BE54-9A1E7A4F7556}") = "2-CriandoVariaveis", "2-CriandoVariaveis\2-CriandoVariaveis.csproj", "{A1D3CD2E-6295-4F90-A256-07F4CA3A9085}"
EndProject
Project("{9A19103F-16F7-4668-BE54-9A1E7A4F7556}") = "3-CriandoVariaveisPontoFlutuantes", "3-CriandoVariaveisPontoFlutuantes\3-CriandoVariaveisPontoFlutuantes.csproj", "{B066A3B4-2723-4781-BAE5-FBDA5DC69D30}"
EndProject
Project("{9A19103F-16F7-4668-BE54-9A1E7A4F7556}") = "4-ConversoesEOutrosTipos", "4-ConversoesEOutrosTipos\4-ConversoesEOutrosTipos.csproj", "{F1316535-CD7D-4BEA-BC2D-BC5A0714F5F3}"
EndProject
Project("{9A19103F-16F7-4668-BE54-9A1E7A4F7556}") = "5-CaracteresETextos", "5-CaracteresETextos\5-CaracteresETextos.csproj", "{114F9F11-21E7-4D8E-B2C1-D4739605C795}"
EndProject
Project("{9A19103F-16F7-4668-BE54-9A1E7A4F7556}") = "6-AtribuicoesDeVariaveis", "6-AtribuicoesDeVariaveis\6-AtribuicoesDeVariaveis.csproj", "{D4230188-22E2-4E3A-9521-DAD51BDA00CE}"
EndProject
Project("{9A19103F-16F7-4668-BE54-9A1E7A4F7556}") = "7-Condicionais", "7-Condicionais\7-Condicionais.csproj", "{7D5B9C42-8B17-4A62-B749-B24A7012D85A}"
EndProject
Project("{9A19103F-16F7-4668-BE54-9A1E7A4F7556}") = "8-Condicionais2", "8-Condicionais2\8-Condicionais2.csproj", "{C110864E-2502-4F2A-BCC5-F00E081B4E64}"
EndProject
Project("{9A19103F-16F7-4668-BE54-9A1E7A4F7556}") = "9-Escopo", "9-Escopo\9-Escopo.csproj", "{2F793759-0495-47EC-9446-386A000B3287}"
EndProject
Project("{9A19103F-16F7-4668-BE54-9A1E7A4F7556}") = "P10-CalculaPoupanca", "P10-CalculaPoupanca\P10-CalculaPoupanca.csproj", "{5E44EFC3-694B-4BF0-8FF0-885C52833576}"
EndProject
Project("{FAE04EC0-301F-11D3-BF4B-00C04F79EFBC}") = "P11-CalculaPoupanca2", "P11-CalculaPoupanca2\P11-CalculaPoupanca2.csproj", "{0C42B597-9134-416C-A44D-41531A0A095F}"
EndProject
Project("{FAE04EC0-301F-11D3-BF4B-00C04F79EFBC}") = "P12-InvestimentoALongoPrazo", "P11-InvestimentoALongoPrazo\P12-InvestimentoALongoPrazo.csproj", "{F4982628-A089-4AD5-A68A-9E343FD2DD26}"
EndProject
Project("{FAE04EC0-301F-11D3-BF4B-00C04F79EFBC}") = "P13-EncadeandoFor", "P13-EncadeandoFor\P13-EncadeandoFor.csproj", "{578B4F74-AB89-42AB-9C2F-CA91BEFE8AD0}"
EndProject
Global
	GlobalSection(SolutionConfigurationPlatforms) = preSolution
		Debug|Any CPU = Debug|Any CPU
		Release|Any CPU = Release|Any CPU
	EndGlobalSection
	GlobalSection(ProjectConfigurationPlatforms) = postSolution
		{3956E120-312B-4E51-B6FF-F3CEEDACF70D}.Debug|Any CPU.ActiveCfg = Debug|Any CPU
		{3956E120-312B-4E51-B6FF-F3CEEDACF70D}.Debug|Any CPU.Build.0 = Debug|Any CPU
		{3956E120-312B-4E51-B6FF-F3CEEDACF70D}.Release|Any CPU.ActiveCfg = Release|Any CPU
		{3956E120-312B-4E51-B6FF-F3CEEDACF70D}.Release|Any CPU.Build.0 = Release|Any CPU
		{A1D3CD2E-6295-4F90-A256-07F4CA3A9085}.Debug|Any CPU.ActiveCfg = Debug|Any CPU
		{A1D3CD2E-6295-4F90-A256-07F4CA3A9085}.Debug|Any CPU.Build.0 = Debug|Any CPU
		{A1D3CD2E-6295-4F90-A256-07F4CA3A9085}.Release|Any CPU.ActiveCfg = Release|Any CPU
		{A1D3CD2E-6295-4F90-A256-07F4CA3A9085}.Release|Any CPU.Build.0 = Release|Any CPU
		{B066A3B4-2723-4781-BAE5-FBDA5DC69D30}.Debug|Any CPU.ActiveCfg = Debug|Any CPU
		{B066A3B4-2723-4781-BAE5-FBDA5DC69D30}.Debug|Any CPU.Build.0 = Debug|Any CPU
		{B066A3B4-2723-4781-BAE5-FBDA5DC69D30}.Release|Any CPU.ActiveCfg = Release|Any CPU
		{B066A3B4-2723-4781-BAE5-FBDA5DC69D30}.Release|Any CPU.Build.0 = Release|Any CPU
		{F1316535-CD7D-4BEA-BC2D-BC5A0714F5F3}.Debug|Any CPU.ActiveCfg = Debug|Any CPU
		{F1316535-CD7D-4BEA-BC2D-BC5A0714F5F3}.Debug|Any CPU.Build.0 = Debug|Any CPU
		{F1316535-CD7D-4BEA-BC2D-BC5A0714F5F3}.Release|Any CPU.ActiveCfg = Release|Any CPU
		{F1316535-CD7D-4BEA-BC2D-BC5A0714F5F3}.Release|Any CPU.Build.0 = Release|Any CPU
		{114F9F11-21E7-4D8E-B2C1-D4739605C795}.Debug|Any CPU.ActiveCfg = Debug|Any CPU
		{114F9F11-21E7-4D8E-B2C1-D4739605C795}.Debug|Any CPU.Build.0 = Debug|Any CPU
		{114F9F11-21E7-4D8E-B2C1-D4739605C795}.Release|Any CPU.ActiveCfg = Release|Any CPU
		{114F9F11-21E7-4D8E-B2C1-D4739605C795}.Release|Any CPU.Build.0 = Release|Any CPU
		{D4230188-22E2-4E3A-9521-DAD51BDA00CE}.Debug|Any CPU.ActiveCfg = Debug|Any CPU
		{D4230188-22E2-4E3A-9521-DAD51BDA00CE}.Debug|Any CPU.Build.0 = Debug|Any CPU
		{D4230188-22E2-4E3A-9521-DAD51BDA00CE}.Release|Any CPU.ActiveCfg = Release|Any CPU
		{D4230188-22E2-4E3A-9521-DAD51BDA00CE}.Release|Any CPU.Build.0 = Release|Any CPU
		{7D5B9C42-8B17-4A62-B749-B24A7012D85A}.Debug|Any CPU.ActiveCfg = Debug|Any CPU
		{7D5B9C42-8B17-4A62-B749-B24A7012D85A}.Debug|Any CPU.Build.0 = Debug|Any CPU
		{7D5B9C42-8B17-4A62-B749-B24A7012D85A}.Release|Any CPU.ActiveCfg = Release|Any CPU
		{7D5B9C42-8B17-4A62-B749-B24A7012D85A}.Release|Any CPU.Build.0 = Release|Any CPU
		{C110864E-2502-4F2A-BCC5-F00E081B4E64}.Debug|Any CPU.ActiveCfg = Debug|Any CPU
		{C110864E-2502-4F2A-BCC5-F00E081B4E64}.Debug|Any CPU.Build.0 = Debug|Any CPU
		{C110864E-2502-4F2A-BCC5-F00E081B4E64}.Release|Any CPU.ActiveCfg = Release|Any CPU
		{C110864E-2502-4F2A-BCC5-F00E081B4E64}.Release|Any CPU.Build.0 = Release|Any CPU
		{2F793759-0495-47EC-9446-386A000B3287}.Debug|Any CPU.ActiveCfg = Debug|Any CPU
		{2F793759-0495-47EC-9446-386A000B3287}.Debug|Any CPU.Build.0 = Debug|Any CPU
		{2F793759-0495-47EC-9446-386A000B3287}.Release|Any CPU.ActiveCfg = Release|Any CPU
		{2F793759-0495-47EC-9446-386A000B3287}.Release|Any CPU.Build.0 = Release|Any CPU
		{5E44EFC3-694B-4BF0-8FF0-885C52833576}.Debug|Any CPU.ActiveCfg = Debug|Any CPU
		{5E44EFC3-694B-4BF0-8FF0-885C52833576}.Debug|Any CPU.Build.0 = Debug|Any CPU
		{5E44EFC3-694B-4BF0-8FF0-885C52833576}.Release|Any CPU.ActiveCfg = Release|Any CPU
		{5E44EFC3-694B-4BF0-8FF0-885C52833576}.Release|Any CPU.Build.0 = Release|Any CPU
		{0C42B597-9134-416C-A44D-41531A0A095F}.Debug|Any CPU.ActiveCfg = Debug|Any CPU
		{0C42B597-9134-416C-A44D-41531A0A095F}.Debug|Any CPU.Build.0 = Debug|Any CPU
		{0C42B597-9134-416C-A44D-41531A0A095F}.Release|Any CPU.ActiveCfg = Release|Any CPU
		{0C42B597-9134-416C-A44D-41531A0A095F}.Release|Any CPU.Build.0 = Release|Any CPU
		{F4982628-A089-4AD5-A68A-9E343FD2DD26}.Debug|Any CPU.ActiveCfg = Debug|Any CPU
		{F4982628-A089-4AD5-A68A-9E343FD2DD26}.Debug|Any CPU.Build.0 = Debug|Any CPU
		{F4982628-A089-4AD5-A68A-9E343FD2DD26}.Release|Any CPU.ActiveCfg = Release|Any CPU
		{F4982628-A089-4AD5-A68A-9E343FD2DD26}.Release|Any CPU.Build.0 = Release|Any CPU
		{578B4F74-AB89-42AB-9C2F-CA91BEFE8AD0}.Debug|Any CPU.ActiveCfg = Debug|Any CPU
		{578B4F74-AB89-42AB-9C2F-CA91BEFE8AD0}.Debug|Any CPU.Build.0 = Debug|Any CPU
		{578B4F74-AB89-42AB-9C2F-CA91BEFE8AD0}.Release|Any CPU.ActiveCfg = Release|Any CPU
		{578B4F74-AB89-42AB-9C2F-CA91BEFE8AD0}.Release|Any CPU.Build.0 = Release|Any CPU
	EndGlobalSection
	GlobalSection(SolutionProperties) = preSolution
		HideSolutionNode = FALSE
	EndGlobalSection
	GlobalSection(ExtensibilityGlobals) = postSolution
		SolutionGuid = {061BAD9C-5229-4EE7-9B21-4EA9FA191233}
	EndGlobalSection
EndGlobal
