
Microsoft Visual Studio Solution File, Format Version 12.00
# Visual Studio Version 16
VisualStudioVersion = 16.0.33328.57
MinimumVisualStudioVersion = 10.0.40219.1
Project("{9A19103F-16F7-4668-BE54-9A1E7A4F7556}") = "CSharpCollections", "CSharpCollections\CSharpCollections.csproj", "{70DBA773-A7E5-4AF5-8E65-262E83C7339F}"
EndProject
Project("{FAE04EC0-301F-11D3-BF4B-00C04F79EFBC}") = "Listas", "Listas\Listas.csproj", "{D3870D5C-28F6-43D3-B918-875DECC5F5CF}"
EndProject
Global
	GlobalSection(SolutionConfigurationPlatforms) = preSolution
		Debug|Any CPU = Debug|Any CPU
		Release|Any CPU = Release|Any CPU
	EndGlobalSection
	GlobalSection(ProjectConfigurationPlatforms) = postSolution
		{70DBA773-A7E5-4AF5-8E65-262E83C7339F}.Debug|Any CPU.ActiveCfg = Debug|Any CPU
		{70DBA773-A7E5-4AF5-8E65-262E83C7339F}.Debug|Any CPU.Build.0 = Debug|Any CPU
		{70DBA773-A7E5-4AF5-8E65-262E83C7339F}.Release|Any CPU.ActiveCfg = Release|Any CPU
		{70DBA773-A7E5-4AF5-8E65-262E83C7339F}.Release|Any CPU.Build.0 = Release|Any CPU
		{D3870D5C-28F6-43D3-B918-875DECC5F5CF}.Debug|Any CPU.ActiveCfg = Debug|Any CPU
		{D3870D5C-28F6-43D3-B918-875DECC5F5CF}.Debug|Any CPU.Build.0 = Debug|Any CPU
		{D3870D5C-28F6-43D3-B918-875DECC5F5CF}.Release|Any CPU.ActiveCfg = Release|Any CPU
		{D3870D5C-28F6-43D3-B918-875DECC5F5CF}.Release|Any CPU.Build.0 = Release|Any CPU
	EndGlobalSection
	GlobalSection(SolutionProperties) = preSolution
		HideSolutionNode = FALSE
	EndGlobalSection
	GlobalSection(ExtensibilityGlobals) = postSolution
		SolutionGuid = {DC0C3C41-98AF-453E-AA0E-657C5481B430}
	EndGlobalSection
EndGlobal
